
Microsoft Visual Studio Solution File, Format Version 12.00
# Visual Studio Version 17
VisualStudioVersion = 17.2.32526.322
MinimumVisualStudioVersion = 10.0.40219.1
Project("{9A19103F-16F7-4668-BE54-9A1E7A4F7556}") = "CaixaMagica.MunichRE.Data", "CaixaMagica.MunichRE.Data\CaixaMagica.MunichRE.Data.csproj", "{C797650C-DEE1-45D3-9900-836510E47783}"
EndProject
Project("{FAE04EC0-301F-11D3-BF4B-00C04F79EFBC}") = "CaixaMagica.MunichRE.Web", "CaixaMagica.MunichRE.Web\CaixaMagica.MunichRE.Web.csproj", "{5E80705A-BCF8-4BFF-86F2-25D048E1E5F1}"
EndProject
Global
	GlobalSection(SolutionConfigurationPlatforms) = preSolution
		Debug|Any CPU = Debug|Any CPU
		Release|Any CPU = Release|Any CPU
	EndGlobalSection
	GlobalSection(ProjectConfigurationPlatforms) = postSolution
		{C797650C-DEE1-45D3-9900-836510E47783}.Debug|Any CPU.ActiveCfg = Debug|Any CPU
		{C797650C-DEE1-45D3-9900-836510E47783}.Debug|Any CPU.Build.0 = Debug|Any CPU
		{C797650C-DEE1-45D3-9900-836510E47783}.Release|Any CPU.ActiveCfg = Release|Any CPU
		{C797650C-DEE1-45D3-9900-836510E47783}.Release|Any CPU.Build.0 = Release|Any CPU
		{5E80705A-BCF8-4BFF-86F2-25D048E1E5F1}.Debug|Any CPU.ActiveCfg = Debug|Any CPU
		{5E80705A-BCF8-4BFF-86F2-25D048E1E5F1}.Debug|Any CPU.Build.0 = Debug|Any CPU
		{5E80705A-BCF8-4BFF-86F2-25D048E1E5F1}.Release|Any CPU.ActiveCfg = Release|Any CPU
		{5E80705A-BCF8-4BFF-86F2-25D048E1E5F1}.Release|Any CPU.Build.0 = Release|Any CPU
	EndGlobalSection
	GlobalSection(SolutionProperties) = preSolution
		HideSolutionNode = FALSE
	EndGlobalSection
	GlobalSection(ExtensibilityGlobals) = postSolution
		SolutionGuid = {D1C3DE21-C246-444A-BB16-333A654950BA}
	EndGlobalSection
EndGlobal
